
Microsoft Visual Studio Solution File, Format Version 12.00
# Visual Studio 2015
Project("{FAE04EC0-301F-11D3-BF4B-00C04F79EFBC}") = "BB-8 Millenium Falcon.CSharp", "BB-8 Millenium Falcon.CSharp.csproj", "{2224E43D-EA2A-D951-5AB7-5E4F5571883B}"
EndProject
Global
	GlobalSection(SolutionConfigurationPlatforms) = preSolution
		Debug|Any CPU = Debug|Any CPU
		Release|Any CPU = Release|Any CPU
	EndGlobalSection
	GlobalSection(ProjectConfigurationPlatforms) = postSolution
		{2224E43D-EA2A-D951-5AB7-5E4F5571883B}.Debug|Any CPU.ActiveCfg = Debug|Any CPU
		{2224E43D-EA2A-D951-5AB7-5E4F5571883B}.Debug|Any CPU.Build.0 = Debug|Any CPU
		{2224E43D-EA2A-D951-5AB7-5E4F5571883B}.Release|Any CPU.ActiveCfg = Release|Any CPU
		{2224E43D-EA2A-D951-5AB7-5E4F5571883B}.Release|Any CPU.Build.0 = Release|Any CPU
	EndGlobalSection
	GlobalSection(SolutionProperties) = preSolution
		HideSolutionNode = FALSE
	EndGlobalSection
EndGlobal
